
Microsoft Visual Studio Solution File, Format Version 12.00
# Visual Studio Version 16
VisualStudioVersion = 16.0.29424.173
MinimumVisualStudioVersion = 10.0.40219.1
Project("{2150E333-8FDC-42A3-9474-1A3956D46DE8}") = "Tests", "Tests", "{A3A21400-9301-485F-92E6-7FDA5A15299F}"
EndProject
Project("{9A19103F-16F7-4668-BE54-9A1E7A4F7556}") = "ConsoleAppStarter", "src\ConsoleAppStarter\ConsoleAppStarter.csproj", "{D6548645-6291-4344-B16C-10E9FFC01F70}"
EndProject
Global
	GlobalSection(SolutionConfigurationPlatforms) = preSolution
		Debug|Any CPU = Debug|Any CPU
		Release|Any CPU = Release|Any CPU
	EndGlobalSection
	GlobalSection(ProjectConfigurationPlatforms) = postSolution
		{D6548645-6291-4344-B16C-10E9FFC01F70}.Debug|Any CPU.ActiveCfg = Debug|Any CPU
		{D6548645-6291-4344-B16C-10E9FFC01F70}.Debug|Any CPU.Build.0 = Debug|Any CPU
		{D6548645-6291-4344-B16C-10E9FFC01F70}.Release|Any CPU.ActiveCfg = Release|Any CPU
		{D6548645-6291-4344-B16C-10E9FFC01F70}.Release|Any CPU.Build.0 = Release|Any CPU
	EndGlobalSection
	GlobalSection(SolutionProperties) = preSolution
		HideSolutionNode = FALSE
	EndGlobalSection
	GlobalSection(ExtensibilityGlobals) = postSolution
		SolutionGuid = {6B8255D8-11CC-4C1C-AE20-3CB71C757B43}
	EndGlobalSection
EndGlobal
